
Microsoft Visual Studio Solution File, Format Version 12.00
# Visual Studio Version 17
VisualStudioVersion = 17.14.36202.13
MinimumVisualStudioVersion = 10.0.40219.1
Project("{FAE04EC0-301F-11D3-BF4B-00C04F79EFBC}") = "CyberPulse.Backend", "CyberPulse.Backend\CyberPulse.Backend.csproj", "{7858A986-853B-4934-A232-078FBB7EAB1D}"
EndProject
Project("{FAE04EC0-301F-11D3-BF4B-00C04F79EFBC}") = "CyberPulse.Shared", "CyberPulse.Shared\CyberPulse.Shared.csproj", "{C809B314-57D7-4486-B80A-D3E3DDEAC8A2}"
EndProject
Project("{FAE04EC0-301F-11D3-BF4B-00C04F79EFBC}") = "CyberPulse.Frontend", "CyberPulse.Frontend\CyberPulse.Frontend.csproj", "{A1259630-C722-49E1-A1B1-13E7F9552C1A}"
EndProject
Global
	GlobalSection(SolutionConfigurationPlatforms) = preSolution
		Debug|Any CPU = Debug|Any CPU
		Release|Any CPU = Release|Any CPU
	EndGlobalSection
	GlobalSection(ProjectConfigurationPlatforms) = postSolution
		{7858A986-853B-4934-A232-078FBB7EAB1D}.Debug|Any CPU.ActiveCfg = Debug|Any CPU
		{7858A986-853B-4934-A232-078FBB7EAB1D}.Debug|Any CPU.Build.0 = Debug|Any CPU
		{7858A986-853B-4934-A232-078FBB7EAB1D}.Release|Any CPU.ActiveCfg = Release|Any CPU
		{7858A986-853B-4934-A232-078FBB7EAB1D}.Release|Any CPU.Build.0 = Release|Any CPU
		{C809B314-57D7-4486-B80A-D3E3DDEAC8A2}.Debug|Any CPU.ActiveCfg = Debug|Any CPU
		{C809B314-57D7-4486-B80A-D3E3DDEAC8A2}.Debug|Any CPU.Build.0 = Debug|Any CPU
		{C809B314-57D7-4486-B80A-D3E3DDEAC8A2}.Release|Any CPU.ActiveCfg = Release|Any CPU
		{C809B314-57D7-4486-B80A-D3E3DDEAC8A2}.Release|Any CPU.Build.0 = Release|Any CPU
		{A1259630-C722-49E1-A1B1-13E7F9552C1A}.Debug|Any CPU.ActiveCfg = Debug|Any CPU
		{A1259630-C722-49E1-A1B1-13E7F9552C1A}.Debug|Any CPU.Build.0 = Debug|Any CPU
		{A1259630-C722-49E1-A1B1-13E7F9552C1A}.Release|Any CPU.ActiveCfg = Release|Any CPU
		{A1259630-C722-49E1-A1B1-13E7F9552C1A}.Release|Any CPU.Build.0 = Release|Any CPU
	EndGlobalSection
	GlobalSection(SolutionProperties) = preSolution
		HideSolutionNode = FALSE
	EndGlobalSection
	GlobalSection(ExtensibilityGlobals) = postSolution
		SolutionGuid = {E408FBC2-D0AE-4D64-84A3-C210847BA39E}
	EndGlobalSection
EndGlobal
